
Microsoft Visual Studio Solution File, Format Version 12.00
# Visual Studio Version 17
VisualStudioVersion = 17.0.31919.166
MinimumVisualStudioVersion = 10.0.40219.1
Project("{9A19103F-16F7-4668-BE54-9A1E7A4F7556}") = "KampIntro", "KampIntro\KampIntro.csproj", "{83D07C01-351E-4CFA-8B7B-035723262342}"
EndProject
Project("{9A19103F-16F7-4668-BE54-9A1E7A4F7556}") = "Donguler", "Donguler\Donguler.csproj", "{AF96DFB2-F7A4-42C8-85F0-B93752049D06}"
EndProject
Project("{9A19103F-16F7-4668-BE54-9A1E7A4F7556}") = "ClassIntro", "ClassIntro\ClassIntro.csproj", "{5FA688A6-CED6-4AD4-9FB6-2299F83E1CDD}"
EndProject
Project("{9A19103F-16F7-4668-BE54-9A1E7A4F7556}") = "Metotlar", "Metotlar\Metotlar.csproj", "{FAA6178A-1B08-4046-B09F-773C4D0EFDA8}"
EndProject
Project("{9A19103F-16F7-4668-BE54-9A1E7A4F7556}") = "Matematik", "Matematik\Matematik.csproj", "{F00A1A6C-2C88-46F7-950C-805DD51D88BC}"
EndProject
Project("{9A19103F-16F7-4668-BE54-9A1E7A4F7556}") = "DegerVeReferansTipler", "DegerVeReferansTipler\DegerVeReferansTipler.csproj", "{28834695-A960-400B-9AD8-13C0D11C4A84}"
EndProject
Project("{9A19103F-16F7-4668-BE54-9A1E7A4F7556}") = "OOP1", "OOP1\OOP1.csproj", "{1D359404-9218-4CB5-A02E-4531D0602063}"
EndProject
Project("{9A19103F-16F7-4668-BE54-9A1E7A4F7556}") = "Collections", "Collections\Collections.csproj", "{88D86C03-13A9-44C7-8961-F498D6B554A5}"
EndProject
Project("{9A19103F-16F7-4668-BE54-9A1E7A4F7556}") = "GenericsIntro", "GenericsIntro\GenericsIntro.csproj", "{0B12D378-B857-4D5E-8408-D5008C2F92A6}"
EndProject
Project("{9A19103F-16F7-4668-BE54-9A1E7A4F7556}") = "Constructors", "Constructor\Constructors.csproj", "{B531A324-6B04-44C0-8803-892D277068E1}"
EndProject
Project("{9A19103F-16F7-4668-BE54-9A1E7A4F7556}") = "MyDictionaryHw", "MyDictionaryHw\MyDictionaryHw.csproj", "{C6F05CCB-D04D-41E4-BC87-5F8EB9872896}"
EndProject
Project("{9A19103F-16F7-4668-BE54-9A1E7A4F7556}") = "OOP2", "OOP2\OOP2.csproj", "{B53A7E77-45AF-4007-AA47-A8CE9FD9D8FF}"
EndProject
Project("{9A19103F-16F7-4668-BE54-9A1E7A4F7556}") = "OOP3", "OOP3\OOP3.csproj", "{C7CC689A-93D7-4B6A-9F85-DDEC0290373F}"
EndProject
Project("{FAE04EC0-301F-11D3-BF4B-00C04F79EFBC}") = "CheckerBoard", "CheckerBoard\CheckerBoard\CheckerBoard.csproj", "{ACAD7010-F201-49E7-8671-FAEE9568C295}"
EndProject
Project("{9A19103F-16F7-4668-BE54-9A1E7A4F7556}") = "ClassDemoAgain", "ClassDemoAgain\ClassDemoAgain.csproj", "{870FCEE1-F18A-46AC-8BDB-C796A6308CA5}"
EndProject
Project("{FAE04EC0-301F-11D3-BF4B-00C04F79EFBC}") = "GameMarket", "GameMarket\GameMarket.csproj", "{3B8751BF-2E6E-41DD-9D88-F20744D02B90}"
EndProject
Global
	GlobalSection(SolutionConfigurationPlatforms) = preSolution
		Debug|Any CPU = Debug|Any CPU
		Release|Any CPU = Release|Any CPU
	EndGlobalSection
	GlobalSection(ProjectConfigurationPlatforms) = postSolution
		{83D07C01-351E-4CFA-8B7B-035723262342}.Debug|Any CPU.ActiveCfg = Debug|Any CPU
		{83D07C01-351E-4CFA-8B7B-035723262342}.Debug|Any CPU.Build.0 = Debug|Any CPU
		{83D07C01-351E-4CFA-8B7B-035723262342}.Release|Any CPU.ActiveCfg = Release|Any CPU
		{83D07C01-351E-4CFA-8B7B-035723262342}.Release|Any CPU.Build.0 = Release|Any CPU
		{AF96DFB2-F7A4-42C8-85F0-B93752049D06}.Debug|Any CPU.ActiveCfg = Debug|Any CPU
		{AF96DFB2-F7A4-42C8-85F0-B93752049D06}.Debug|Any CPU.Build.0 = Debug|Any CPU
		{AF96DFB2-F7A4-42C8-85F0-B93752049D06}.Release|Any CPU.ActiveCfg = Release|Any CPU
		{AF96DFB2-F7A4-42C8-85F0-B93752049D06}.Release|Any CPU.Build.0 = Release|Any CPU
		{5FA688A6-CED6-4AD4-9FB6-2299F83E1CDD}.Debug|Any CPU.ActiveCfg = Debug|Any CPU
		{5FA688A6-CED6-4AD4-9FB6-2299F83E1CDD}.Debug|Any CPU.Build.0 = Debug|Any CPU
		{5FA688A6-CED6-4AD4-9FB6-2299F83E1CDD}.Release|Any CPU.ActiveCfg = Release|Any CPU
		{5FA688A6-CED6-4AD4-9FB6-2299F83E1CDD}.Release|Any CPU.Build.0 = Release|Any CPU
		{FAA6178A-1B08-4046-B09F-773C4D0EFDA8}.Debug|Any CPU.ActiveCfg = Debug|Any CPU
		{FAA6178A-1B08-4046-B09F-773C4D0EFDA8}.Debug|Any CPU.Build.0 = Debug|Any CPU
		{FAA6178A-1B08-4046-B09F-773C4D0EFDA8}.Release|Any CPU.ActiveCfg = Release|Any CPU
		{FAA6178A-1B08-4046-B09F-773C4D0EFDA8}.Release|Any CPU.Build.0 = Release|Any CPU
		{F00A1A6C-2C88-46F7-950C-805DD51D88BC}.Debug|Any CPU.ActiveCfg = Debug|Any CPU
		{F00A1A6C-2C88-46F7-950C-805DD51D88BC}.Debug|Any CPU.Build.0 = Debug|Any CPU
		{F00A1A6C-2C88-46F7-950C-805DD51D88BC}.Release|Any CPU.ActiveCfg = Release|Any CPU
		{F00A1A6C-2C88-46F7-950C-805DD51D88BC}.Release|Any CPU.Build.0 = Release|Any CPU
		{28834695-A960-400B-9AD8-13C0D11C4A84}.Debug|Any CPU.ActiveCfg = Debug|Any CPU
		{28834695-A960-400B-9AD8-13C0D11C4A84}.Debug|Any CPU.Build.0 = Debug|Any CPU
		{28834695-A960-400B-9AD8-13C0D11C4A84}.Release|Any CPU.ActiveCfg = Release|Any CPU
		{28834695-A960-400B-9AD8-13C0D11C4A84}.Release|Any CPU.Build.0 = Release|Any CPU
		{1D359404-9218-4CB5-A02E-4531D0602063}.Debug|Any CPU.ActiveCfg = Debug|Any CPU
		{1D359404-9218-4CB5-A02E-4531D0602063}.Debug|Any CPU.Build.0 = Debug|Any CPU
		{1D359404-9218-4CB5-A02E-4531D0602063}.Release|Any CPU.ActiveCfg = Release|Any CPU
		{1D359404-9218-4CB5-A02E-4531D0602063}.Release|Any CPU.Build.0 = Release|Any CPU
		{88D86C03-13A9-44C7-8961-F498D6B554A5}.Debug|Any CPU.ActiveCfg = Debug|Any CPU
		{88D86C03-13A9-44C7-8961-F498D6B554A5}.Debug|Any CPU.Build.0 = Debug|Any CPU
		{88D86C03-13A9-44C7-8961-F498D6B554A5}.Release|Any CPU.ActiveCfg = Release|Any CPU
		{88D86C03-13A9-44C7-8961-F498D6B554A5}.Release|Any CPU.Build.0 = Release|Any CPU
		{0B12D378-B857-4D5E-8408-D5008C2F92A6}.Debug|Any CPU.ActiveCfg = Debug|Any CPU
		{0B12D378-B857-4D5E-8408-D5008C2F92A6}.Debug|Any CPU.Build.0 = Debug|Any CPU
		{0B12D378-B857-4D5E-8408-D5008C2F92A6}.Release|Any CPU.ActiveCfg = Release|Any CPU
		{0B12D378-B857-4D5E-8408-D5008C2F92A6}.Release|Any CPU.Build.0 = Release|Any CPU
		{B531A324-6B04-44C0-8803-892D277068E1}.Debug|Any CPU.ActiveCfg = Debug|Any CPU
		{B531A324-6B04-44C0-8803-892D277068E1}.Debug|Any CPU.Build.0 = Debug|Any CPU
		{B531A324-6B04-44C0-8803-892D277068E1}.Release|Any CPU.ActiveCfg = Release|Any CPU
		{B531A324-6B04-44C0-8803-892D277068E1}.Release|Any CPU.Build.0 = Release|Any CPU
		{C6F05CCB-D04D-41E4-BC87-5F8EB9872896}.Debug|Any CPU.ActiveCfg = Debug|Any CPU
		{C6F05CCB-D04D-41E4-BC87-5F8EB9872896}.Debug|Any CPU.Build.0 = Debug|Any CPU
		{C6F05CCB-D04D-41E4-BC87-5F8EB9872896}.Release|Any CPU.ActiveCfg = Release|Any CPU
		{C6F05CCB-D04D-41E4-BC87-5F8EB9872896}.Release|Any CPU.Build.0 = Release|Any CPU
		{B53A7E77-45AF-4007-AA47-A8CE9FD9D8FF}.Debug|Any CPU.ActiveCfg = Debug|Any CPU
		{B53A7E77-45AF-4007-AA47-A8CE9FD9D8FF}.Debug|Any CPU.Build.0 = Debug|Any CPU
		{B53A7E77-45AF-4007-AA47-A8CE9FD9D8FF}.Release|Any CPU.ActiveCfg = Release|Any CPU
		{B53A7E77-45AF-4007-AA47-A8CE9FD9D8FF}.Release|Any CPU.Build.0 = Release|Any CPU
		{C7CC689A-93D7-4B6A-9F85-DDEC0290373F}.Debug|Any CPU.ActiveCfg = Debug|Any CPU
		{C7CC689A-93D7-4B6A-9F85-DDEC0290373F}.Debug|Any CPU.Build.0 = Debug|Any CPU
		{C7CC689A-93D7-4B6A-9F85-DDEC0290373F}.Release|Any CPU.ActiveCfg = Release|Any CPU
		{C7CC689A-93D7-4B6A-9F85-DDEC0290373F}.Release|Any CPU.Build.0 = Release|Any CPU
		{ACAD7010-F201-49E7-8671-FAEE9568C295}.Debug|Any CPU.ActiveCfg = Debug|Any CPU
		{ACAD7010-F201-49E7-8671-FAEE9568C295}.Debug|Any CPU.Build.0 = Debug|Any CPU
		{ACAD7010-F201-49E7-8671-FAEE9568C295}.Release|Any CPU.ActiveCfg = Release|Any CPU
		{ACAD7010-F201-49E7-8671-FAEE9568C295}.Release|Any CPU.Build.0 = Release|Any CPU
		{870FCEE1-F18A-46AC-8BDB-C796A6308CA5}.Debug|Any CPU.ActiveCfg = Debug|Any CPU
		{870FCEE1-F18A-46AC-8BDB-C796A6308CA5}.Debug|Any CPU.Build.0 = Debug|Any CPU
		{870FCEE1-F18A-46AC-8BDB-C796A6308CA5}.Release|Any CPU.ActiveCfg = Release|Any CPU
		{870FCEE1-F18A-46AC-8BDB-C796A6308CA5}.Release|Any CPU.Build.0 = Release|Any CPU
		{3B8751BF-2E6E-41DD-9D88-F20744D02B90}.Debug|Any CPU.ActiveCfg = Debug|Any CPU
		{3B8751BF-2E6E-41DD-9D88-F20744D02B90}.Debug|Any CPU.Build.0 = Debug|Any CPU
		{3B8751BF-2E6E-41DD-9D88-F20744D02B90}.Release|Any CPU.ActiveCfg = Release|Any CPU
		{3B8751BF-2E6E-41DD-9D88-F20744D02B90}.Release|Any CPU.Build.0 = Release|Any CPU
	EndGlobalSection
	GlobalSection(SolutionProperties) = preSolution
		HideSolutionNode = FALSE
	EndGlobalSection
	GlobalSection(ExtensibilityGlobals) = postSolution
		SolutionGuid = {3254B7B8-79EE-4B47-B439-E701142DC3EC}
	EndGlobalSection
EndGlobal
